
Microsoft Visual Studio Solution File, Format Version 12.00
# Visual Studio 15
VisualStudioVersion = 15.0.28010.2003
MinimumVisualStudioVersion = 10.0.40219.1
Project("{FAE04EC0-301F-11D3-BF4B-00C04F79EFBC}") = "01.Vehicles", "01.Vehicles\01.Vehicles.csproj", "{AB945BCD-003C-4446-A2D6-D6383B624131}"
EndProject
Project("{FAE04EC0-301F-11D3-BF4B-00C04F79EFBC}") = "02.VehicleExtension", "02.VehicleExtension\02.VehicleExtension.csproj", "{816B8B97-E0EA-4FA8-A587-A59FEF44DC44}"
EndProject
Project("{FAE04EC0-301F-11D3-BF4B-00C04F79EFBC}") = "03.WildFarm", "03.WildFarm\03.WildFarm.csproj", "{6EC2B1DE-7191-45EA-B585-B04DD4E0BCC8}"
EndProject
Global
	GlobalSection(SolutionConfigurationPlatforms) = preSolution
		Debug|Any CPU = Debug|Any CPU
		Release|Any CPU = Release|Any CPU
	EndGlobalSection
	GlobalSection(ProjectConfigurationPlatforms) = postSolution
		{AB945BCD-003C-4446-A2D6-D6383B624131}.Debug|Any CPU.ActiveCfg = Debug|Any CPU
		{AB945BCD-003C-4446-A2D6-D6383B624131}.Debug|Any CPU.Build.0 = Debug|Any CPU
		{AB945BCD-003C-4446-A2D6-D6383B624131}.Release|Any CPU.ActiveCfg = Release|Any CPU
		{AB945BCD-003C-4446-A2D6-D6383B624131}.Release|Any CPU.Build.0 = Release|Any CPU
		{816B8B97-E0EA-4FA8-A587-A59FEF44DC44}.Debug|Any CPU.ActiveCfg = Debug|Any CPU
		{816B8B97-E0EA-4FA8-A587-A59FEF44DC44}.Debug|Any CPU.Build.0 = Debug|Any CPU
		{816B8B97-E0EA-4FA8-A587-A59FEF44DC44}.Release|Any CPU.ActiveCfg = Release|Any CPU
		{816B8B97-E0EA-4FA8-A587-A59FEF44DC44}.Release|Any CPU.Build.0 = Release|Any CPU
		{6EC2B1DE-7191-45EA-B585-B04DD4E0BCC8}.Debug|Any CPU.ActiveCfg = Debug|Any CPU
		{6EC2B1DE-7191-45EA-B585-B04DD4E0BCC8}.Debug|Any CPU.Build.0 = Debug|Any CPU
		{6EC2B1DE-7191-45EA-B585-B04DD4E0BCC8}.Release|Any CPU.ActiveCfg = Release|Any CPU
		{6EC2B1DE-7191-45EA-B585-B04DD4E0BCC8}.Release|Any CPU.Build.0 = Release|Any CPU
	EndGlobalSection
	GlobalSection(SolutionProperties) = preSolution
		HideSolutionNode = FALSE
	EndGlobalSection
	GlobalSection(ExtensibilityGlobals) = postSolution
		SolutionGuid = {1BC74CDA-9A30-4E3C-958F-10A717B3A49D}
	EndGlobalSection
EndGlobal
